
Microsoft Visual Studio Solution File, Format Version 12.00
# Visual Studio 15
VisualStudioVersion = 15.0.28307.645
MinimumVisualStudioVersion = 10.0.40219.1
Project("{FAE04EC0-301F-11D3-BF4B-00C04F79EFBC}") = "SortedSearch", "SortedSearch\SortedSearch.csproj", "{8BCDAC9E-43C4-4C40-B604-3F74D4F05B4B}"
EndProject
Global
	GlobalSection(SolutionConfigurationPlatforms) = preSolution
		Debug|Any CPU = Debug|Any CPU
		Release|Any CPU = Release|Any CPU
	EndGlobalSection
	GlobalSection(ProjectConfigurationPlatforms) = postSolution
		{8BCDAC9E-43C4-4C40-B604-3F74D4F05B4B}.Debug|Any CPU.ActiveCfg = Debug|Any CPU
		{8BCDAC9E-43C4-4C40-B604-3F74D4F05B4B}.Debug|Any CPU.Build.0 = Debug|Any CPU
		{8BCDAC9E-43C4-4C40-B604-3F74D4F05B4B}.Release|Any CPU.ActiveCfg = Release|Any CPU
		{8BCDAC9E-43C4-4C40-B604-3F74D4F05B4B}.Release|Any CPU.Build.0 = Release|Any CPU
	EndGlobalSection
	GlobalSection(SolutionProperties) = preSolution
		HideSolutionNode = FALSE
	EndGlobalSection
	GlobalSection(ExtensibilityGlobals) = postSolution
		SolutionGuid = {E31BA738-9BD4-40CD-AA70-0FAEEA3D0867}
	EndGlobalSection
EndGlobal
